// !$*UTF8*$!
{
	archiveVersion = 1;
	classes = {
	};
	objectVersion = 48;
	objects = {

/* Begin PBXBuildFile section */
		C5891BFA2074D2F10076587B /* MapViewController.swift in Sources */ = {isa = PBXBuildFile; fileRef = C5891BF92074D2F10076587B /* MapViewController.swift */; };
		C5891BFC2074D32F0076587B /* LocationsViewController.swift in Sources */ = {isa = PBXBuildFile; fileRef = C5891BFB2074D32F0076587B /* LocationsViewController.swift */; };
		C5891BFE2074D3A40076587B /* LocationViewCell.swift in Sources */ = {isa = PBXBuildFile; fileRef = C5891BFD2074D3A40076587B /* LocationViewCell.swift */; };
		C5891C002074D8880076587B /* AddLocationViewController.swift in Sources */ = {isa = PBXBuildFile; fileRef = C5891BFF2074D8880076587B /* AddLocationViewController.swift */; };
		C5F5EA89207221A600053A54 /* AppDelegate.swift in Sources */ = {isa = PBXBuildFile; fileRef = C5F5EA88207221A600053A54 /* AppDelegate.swift */; };
		C5F5EA8B207221A600053A54 /* AuthenticationViewController.swift in Sources */ = {isa = PBXBuildFile; fileRef = C5F5EA8A207221A600053A54 /* AuthenticationViewController.swift */; };
		C5F5EA8E207221A600053A54 /* Main.storyboard in Resources */ = {isa = PBXBuildFile; fileRef = C5F5EA8C207221A600053A54 /* Main.storyboard */; };
		C5F5EA90207221A600053A54 /* Assets.xcassets in Resources */ = {isa = PBXBuildFile; fileRef = C5F5EA8F207221A600053A54 /* Assets.xcassets */; };
		C5F5EA93207221A600053A54 /* LaunchScreen.storyboard in Resources */ = {isa = PBXBuildFile; fileRef = C5F5EA91207221A600053A54 /* LaunchScreen.storyboard */; };
		C5F5EAA2207223C200053A54 /* Constants.swift in Sources */ = {isa = PBXBuildFile; fileRef = C5F5EAA1207223C200053A54 /* Constants.swift */; };
		C5F5EAA5207230BC00053A54 /* MiscUtils.swift in Sources */ = {isa = PBXBuildFile; fileRef = C5F5EAA4207230BC00053A54 /* MiscUtils.swift */; };
		C5F5EAA72072321800053A54 /* NetworkClient.swift in Sources */ = {isa = PBXBuildFile; fileRef = C5F5EAA62072321800053A54 /* NetworkClient.swift */; };
		C5F5EAA92072326E00053A54 /* GCDBlackBox.swift in Sources */ = {isa = PBXBuildFile; fileRef = C5F5EAA82072326E00053A54 /* GCDBlackBox.swift */; };
		C5F5EAAB207232C300053A54 /* NetworkRequest.swift in Sources */ = {isa = PBXBuildFile; fileRef = C5F5EAAA207232C300053A54 /* NetworkRequest.swift */; };
		C5F5EAAE207238F900053A54 /* UIViewController.swift in Sources */ = {isa = PBXBuildFile; fileRef = C5F5EAAD207238F900053A54 /* UIViewController.swift */; };
		C5F5EAB02073712E00053A54 /* SessionModel.swift in Sources */ = {isa = PBXBuildFile; fileRef = C5F5EAAF2073712E00053A54 /* SessionModel.swift */; };
		C5F5EAB22073716E00053A54 /* AccountModel.swift in Sources */ = {isa = PBXBuildFile; fileRef = C5F5EAB12073716E00053A54 /* AccountModel.swift */; };
		C5F5EAB4207371E000053A54 /* AuthSessionModel.swift in Sources */ = {isa = PBXBuildFile; fileRef = C5F5EAB3207371E000053A54 /* AuthSessionModel.swift */; };
		C5F5EAB62073904A00053A54 /* NetworkConstants.swift in Sources */ = {isa = PBXBuildFile; fileRef = C5F5EAB52073904A00053A54 /* NetworkConstants.swift */; };
		C5F5EABA20749A1700053A54 /* LoginRequestModel.swift in Sources */ = {isa = PBXBuildFile; fileRef = C5F5EAB920749A1700053A54 /* LoginRequestModel.swift */; };
		C5F5EABC20749C0200053A54 /* AccountLoginRequestModel.swift in Sources */ = {isa = PBXBuildFile; fileRef = C5F5EABB20749C0200053A54 /* AccountLoginRequestModel.swift */; };
/* End PBXBuildFile section */

/* Begin PBXFileReference section */
		C5891BF92074D2F10076587B /* MapViewController.swift */ = {isa = PBXFileReference; lastKnownFileType = sourcecode.swift; path = MapViewController.swift; sourceTree = "<group>"; };
		C5891BFB2074D32F0076587B /* LocationsViewController.swift */ = {isa = PBXFileReference; lastKnownFileType = sourcecode.swift; path = LocationsViewController.swift; sourceTree = "<group>"; };
		C5891BFD2074D3A40076587B /* LocationViewCell.swift */ = {isa = PBXFileReference; lastKnownFileType = sourcecode.swift; path = LocationViewCell.swift; sourceTree = "<group>"; };
		C5891BFF2074D8880076587B /* AddLocationViewController.swift */ = {isa = PBXFileReference; lastKnownFileType = sourcecode.swift; path = AddLocationViewController.swift; sourceTree = "<group>"; };
		C5F5EA85207221A600053A54 /* OnTheMap.app */ = {isa = PBXFileReference; explicitFileType = wrapper.application; includeInIndex = 0; path = OnTheMap.app; sourceTree = BUILT_PRODUCTS_DIR; };
		C5F5EA88207221A600053A54 /* AppDelegate.swift */ = {isa = PBXFileReference; lastKnownFileType = sourcecode.swift; path = AppDelegate.swift; sourceTree = "<group>"; };
		C5F5EA8A207221A600053A54 /* AuthenticationViewController.swift */ = {isa = PBXFileReference; lastKnownFileType = sourcecode.swift; path = AuthenticationViewController.swift; sourceTree = "<group>"; };
		C5F5EA8D207221A600053A54 /* Base */ = {isa = PBXFileReference; lastKnownFileType = file.storyboard; name = Base; path = Base.lproj/Main.storyboard; sourceTree = "<group>"; };
		C5F5EA8F207221A600053A54 /* Assets.xcassets */ = {isa = PBXFileReference; lastKnownFileType = folder.assetcatalog; path = Assets.xcassets; sourceTree = "<group>"; };
		C5F5EA92207221A600053A54 /* Base */ = {isa = PBXFileReference; lastKnownFileType = file.storyboard; name = Base; path = Base.lproj/LaunchScreen.storyboard; sourceTree = "<group>"; };
		C5F5EA94207221A600053A54 /* Info.plist */ = {isa = PBXFileReference; lastKnownFileType = text.plist.xml; path = Info.plist; sourceTree = "<group>"; };
		C5F5EAA1207223C200053A54 /* Constants.swift */ = {isa = PBXFileReference; lastKnownFileType = sourcecode.swift; path = Constants.swift; sourceTree = "<group>"; };
		C5F5EAA4207230BC00053A54 /* MiscUtils.swift */ = {isa = PBXFileReference; lastKnownFileType = sourcecode.swift; path = MiscUtils.swift; sourceTree = "<group>"; };
		C5F5EAA62072321800053A54 /* NetworkClient.swift */ = {isa = PBXFileReference; lastKnownFileType = sourcecode.swift; path = NetworkClient.swift; sourceTree = "<group>"; };
		C5F5EAA82072326E00053A54 /* GCDBlackBox.swift */ = {isa = PBXFileReference; lastKnownFileType = sourcecode.swift; path = GCDBlackBox.swift; sourceTree = "<group>"; };
		C5F5EAAA207232C300053A54 /* NetworkRequest.swift */ = {isa = PBXFileReference; lastKnownFileType = sourcecode.swift; path = NetworkRequest.swift; sourceTree = "<group>"; };
		C5F5EAAD207238F900053A54 /* UIViewController.swift */ = {isa = PBXFileReference; lastKnownFileType = sourcecode.swift; path = UIViewController.swift; sourceTree = "<group>"; };
		C5F5EAAF2073712E00053A54 /* SessionModel.swift */ = {isa = PBXFileReference; lastKnownFileType = sourcecode.swift; path = SessionModel.swift; sourceTree = "<group>"; };
		C5F5EAB12073716E00053A54 /* AccountModel.swift */ = {isa = PBXFileReference; lastKnownFileType = sourcecode.swift; path = AccountModel.swift; sourceTree = "<group>"; };
		C5F5EAB3207371E000053A54 /* AuthSessionModel.swift */ = {isa = PBXFileReference; lastKnownFileType = sourcecode.swift; path = AuthSessionModel.swift; sourceTree = "<group>"; };
		C5F5EAB52073904A00053A54 /* NetworkConstants.swift */ = {isa = PBXFileReference; lastKnownFileType = sourcecode.swift; path = NetworkConstants.swift; sourceTree = "<group>"; };
		C5F5EAB920749A1700053A54 /* LoginRequestModel.swift */ = {isa = PBXFileReference; lastKnownFileType = sourcecode.swift; path = LoginRequestModel.swift; sourceTree = "<group>"; };
		C5F5EABB20749C0200053A54 /* AccountLoginRequestModel.swift */ = {isa = PBXFileReference; lastKnownFileType = sourcecode.swift; path = AccountLoginRequestModel.swift; sourceTree = "<group>"; };
/* End PBXFileReference section */

/* Begin PBXFrameworksBuildPhase section */
		C5F5EA82207221A600053A54 /* Frameworks */ = {
			isa = PBXFrameworksBuildPhase;
			buildActionMask = 2147483647;
			files = (
			);
			runOnlyForDeploymentPostprocessing = 0;
		};
/* End PBXFrameworksBuildPhase section */

/* Begin PBXGroup section */
		C5F5EA7C207221A600053A54 = {
			isa = PBXGroup;
			children = (
				C5F5EA87207221A600053A54 /* OnTheMap */,
				C5F5EA86207221A600053A54 /* Products */,
			);
			sourceTree = "<group>";
		};
		C5F5EA86207221A600053A54 /* Products */ = {
			isa = PBXGroup;
			children = (
				C5F5EA85207221A600053A54 /* OnTheMap.app */,
			);
			name = Products;
			sourceTree = "<group>";
		};
		C5F5EA87207221A600053A54 /* OnTheMap */ = {
			isa = PBXGroup;
			children = (
				C5F5EA9A2072220F00053A54 /* Controllers */,
				C5F5EAAC207238E200053A54 /* Extentions */,
				C5F5EA9B2072221500053A54 /* Models */,
				C5F5EA9E2072225000053A54 /* Network */,
				C5F5EAA02072228700053A54 /* Resources */,
				C5F5EA9F2072226600053A54 /* StoryBoards */,
				C5F5EAA32072307D00053A54 /* Utilities */,
				C5F5EA9C2072221E00053A54 /* Views */,
				C5F5EA88207221A600053A54 /* AppDelegate.swift */,
				C5F5EAA1207223C200053A54 /* Constants.swift */,
			);
			path = OnTheMap;
			sourceTree = "<group>";
		};
		C5F5EA9A2072220F00053A54 /* Controllers */ = {
			isa = PBXGroup;
			children = (
				C5F5EA8A207221A600053A54 /* AuthenticationViewController.swift */,
				C5891BF92074D2F10076587B /* MapViewController.swift */,
				C5891BFB2074D32F0076587B /* LocationsViewController.swift */,
				C5891BFF2074D8880076587B /* AddLocationViewController.swift */,
			);
			path = Controllers;
			sourceTree = "<group>";
		};
		C5F5EA9B2072221500053A54 /* Models */ = {
			isa = PBXGroup;
			children = (
				C5F5EAAF2073712E00053A54 /* SessionModel.swift */,
				C5F5EAB12073716E00053A54 /* AccountModel.swift */,
				C5F5EAB3207371E000053A54 /* AuthSessionModel.swift */,
			);
			path = Models;
			sourceTree = "<group>";
		};
		C5F5EA9C2072221E00053A54 /* Views */ = {
			isa = PBXGroup;
			children = (
				C5F5EA9D2072223500053A54 /* Cells */,
			);
			path = Views;
			sourceTree = "<group>";
		};
		C5F5EA9D2072223500053A54 /* Cells */ = {
			isa = PBXGroup;
			children = (
				C5891BFD2074D3A40076587B /* LocationViewCell.swift */,
			);
			path = Cells;
			sourceTree = "<group>";
		};
		C5F5EA9E2072225000053A54 /* Network */ = {
			isa = PBXGroup;
			children = (
				C5F5EAB8207499F200053A54 /* ResponseModels */,
				C5F5EAB7207499E300053A54 /* RequestModels */,
				C5F5EAA62072321800053A54 /* NetworkClient.swift */,
				C5F5EAAA207232C300053A54 /* NetworkRequest.swift */,
				C5F5EAB52073904A00053A54 /* NetworkConstants.swift */,
			);
			path = Network;
			sourceTree = "<group>";
		};
		C5F5EA9F2072226600053A54 /* StoryBoards */ = {
			isa = PBXGroup;
			children = (
				C5F5EA8C207221A600053A54 /* Main.storyboard */,
				C5F5EA91207221A600053A54 /* LaunchScreen.storyboard */,
			);
			path = StoryBoards;
			sourceTree = "<group>";
		};
		C5F5EAA02072228700053A54 /* Resources */ = {
			isa = PBXGroup;
			children = (
				C5F5EA8F207221A600053A54 /* Assets.xcassets */,
				C5F5EA94207221A600053A54 /* Info.plist */,
			);
			path = Resources;
			sourceTree = "<group>";
		};
		C5F5EAA32072307D00053A54 /* Utilities */ = {
			isa = PBXGroup;
			children = (
				C5F5EAA4207230BC00053A54 /* MiscUtils.swift */,
				C5F5EAA82072326E00053A54 /* GCDBlackBox.swift */,
			);
			path = Utilities;
			sourceTree = "<group>";
		};
		C5F5EAAC207238E200053A54 /* Extentions */ = {
			isa = PBXGroup;
			children = (
				C5F5EAAD207238F900053A54 /* UIViewController.swift */,
			);
			path = Extentions;
			sourceTree = "<group>";
		};
		C5F5EAB7207499E300053A54 /* RequestModels */ = {
			isa = PBXGroup;
			children = (
				C5F5EAB920749A1700053A54 /* LoginRequestModel.swift */,
				C5F5EABB20749C0200053A54 /* AccountLoginRequestModel.swift */,
			);
			path = RequestModels;
			sourceTree = "<group>";
		};
		C5F5EAB8207499F200053A54 /* ResponseModels */ = {
			isa = PBXGroup;
			children = (
			);
			path = ResponseModels;
			sourceTree = "<group>";
		};
/* End PBXGroup section */

/* Begin PBXNativeTarget section */
		C5F5EA84207221A600053A54 /* OnTheMap */ = {
			isa = PBXNativeTarget;
			buildConfigurationList = C5F5EA97207221A600053A54 /* Build configuration list for PBXNativeTarget "OnTheMap" */;
			buildPhases = (
				C5F5EA81207221A600053A54 /* Sources */,
				C5F5EA82207221A600053A54 /* Frameworks */,
				C5F5EA83207221A600053A54 /* Resources */,
			);
			buildRules = (
			);
			dependencies = (
			);
			name = OnTheMap;
			productName = OnTheMap;
			productReference = C5F5EA85207221A600053A54 /* OnTheMap.app */;
			productType = "com.apple.product-type.application";
		};
/* End PBXNativeTarget section */

/* Begin PBXProject section */
		C5F5EA7D207221A600053A54 /* Project object */ = {
			isa = PBXProject;
			attributes = {
				LastSwiftUpdateCheck = 0920;
				LastUpgradeCheck = 0920;
				ORGANIZATIONNAME = "Phuc Tran";
				TargetAttributes = {
					C5F5EA84207221A600053A54 = {
						CreatedOnToolsVersion = 9.2;
						ProvisioningStyle = Automatic;
					};
				};
			};
			buildConfigurationList = C5F5EA80207221A600053A54 /* Build configuration list for PBXProject "OnTheMap" */;
			compatibilityVersion = "Xcode 8.0";
			developmentRegion = en;
			hasScannedForEncodings = 0;
			knownRegions = (
				en,
				Base,
			);
			mainGroup = C5F5EA7C207221A600053A54;
			productRefGroup = C5F5EA86207221A600053A54 /* Products */;
			projectDirPath = "";
			projectRoot = "";
			targets = (
				C5F5EA84207221A600053A54 /* OnTheMap */,
			);
		};
/* End PBXProject section */

/* Begin PBXResourcesBuildPhase section */
		C5F5EA83207221A600053A54 /* Resources */ = {
			isa = PBXResourcesBuildPhase;
			buildActionMask = 2147483647;
			files = (
				C5F5EA93207221A600053A54 /* LaunchScreen.storyboard in Resources */,
				C5F5EA90207221A600053A54 /* Assets.xcassets in Resources */,
				C5F5EA8E207221A600053A54 /* Main.storyboard in Resources */,
			);
			runOnlyForDeploymentPostprocessing = 0;
		};
/* End PBXResourcesBuildPhase section */

/* Begin PBXSourcesBuildPhase section */
		C5F5EA81207221A600053A54 /* Sources */ = {
			isa = PBXSourcesBuildPhase;
			buildActionMask = 2147483647;
			files = (
				C5F5EAB62073904A00053A54 /* NetworkConstants.swift in Sources */,
				C5F5EABA20749A1700053A54 /* LoginRequestModel.swift in Sources */,
				C5F5EAAB207232C300053A54 /* NetworkRequest.swift in Sources */,
				C5891BFC2074D32F0076587B /* LocationsViewController.swift in Sources */,
				C5F5EAB4207371E000053A54 /* AuthSessionModel.swift in Sources */,
				C5891BFE2074D3A40076587B /* LocationViewCell.swift in Sources */,
				C5F5EA8B207221A600053A54 /* AuthenticationViewController.swift in Sources */,
				C5F5EAB02073712E00053A54 /* SessionModel.swift in Sources */,
				C5F5EAA72072321800053A54 /* NetworkClient.swift in Sources */,
				C5F5EABC20749C0200053A54 /* AccountLoginRequestModel.swift in Sources */,
				C5F5EA89207221A600053A54 /* AppDelegate.swift in Sources */,
				C5F5EAB22073716E00053A54 /* AccountModel.swift in Sources */,
				C5F5EAA2207223C200053A54 /* Constants.swift in Sources */,
				C5891C002074D8880076587B /* AddLocationViewController.swift in Sources */,
				C5F5EAA92072326E00053A54 /* GCDBlackBox.swift in Sources */,
				C5F5EAAE207238F900053A54 /* UIViewController.swift in Sources */,
				C5891BFA2074D2F10076587B /* MapViewController.swift in Sources */,
				C5F5EAA5207230BC00053A54 /* MiscUtils.swift in Sources */,
			);
			runOnlyForDeploymentPostprocessing = 0;
		};
/* End PBXSourcesBuildPhase section */

/* Begin PBXVariantGroup section */
		C5F5EA8C207221A600053A54 /* Main.storyboard */ = {
			isa = PBXVariantGroup;
			children = (
				C5F5EA8D207221A600053A54 /* Base */,
			);
			name = Main.storyboard;
			sourceTree = "<group>";
		};
		C5F5EA91207221A600053A54 /* LaunchScreen.storyboard */ = {
			isa = PBXVariantGroup;
			children = (
				C5F5EA92207221A600053A54 /* Base */,
			);
			name = LaunchScreen.storyboard;
			sourceTree = "<group>";
		};
/* End PBXVariantGroup section */

/* Begin XCBuildConfiguration section */
		C5F5EA95207221A600053A54 /* Debug */ = {
			isa = XCBuildConfiguration;
			buildSettings = {
				ALWAYS_SEARCH_USER_PATHS = NO;
				CLANG_ANALYZER_NONNULL = YES;
				CLANG_ANALYZER_NUMBER_OBJECT_CONVERSION = YES_AGGRESSIVE;
				CLANG_CXX_LANGUAGE_STANDARD = "gnu++14";
				CLANG_CXX_LIBRARY = "libc++";
				CLANG_ENABLE_MODULES = YES;
				CLANG_ENABLE_OBJC_ARC = YES;
				CLANG_WARN_BLOCK_CAPTURE_AUTORELEASING = YES;
				CLANG_WARN_BOOL_CONVERSION = YES;
				CLANG_WARN_COMMA = YES;
				CLANG_WARN_CONSTANT_CONVERSION = YES;
				CLANG_WARN_DIRECT_OBJC_ISA_USAGE = YES_ERROR;
				CLANG_WARN_DOCUMENTATION_COMMENTS = YES;
				CLANG_WARN_EMPTY_BODY = YES;
				CLANG_WARN_ENUM_CONVERSION = YES;
				CLANG_WARN_INFINITE_RECURSION = YES;
				CLANG_WARN_INT_CONVERSION = YES;
				CLANG_WARN_NON_LITERAL_NULL_CONVERSION = YES;
				CLANG_WARN_OBJC_LITERAL_CONVERSION = YES;
				CLANG_WARN_OBJC_ROOT_CLASS = YES_ERROR;
				CLANG_WARN_RANGE_LOOP_ANALYSIS = YES;
				CLANG_WARN_STRICT_PROTOTYPES = YES;
				CLANG_WARN_SUSPICIOUS_MOVE = YES;
				CLANG_WARN_UNGUARDED_AVAILABILITY = YES_AGGRESSIVE;
				CLANG_WARN_UNREACHABLE_CODE = YES;
				CLANG_WARN__DUPLICATE_METHOD_MATCH = YES;
				CODE_SIGN_IDENTITY = "iPhone Developer";
				COPY_PHASE_STRIP = NO;
				DEBUG_INFORMATION_FORMAT = dwarf;
				ENABLE_STRICT_OBJC_MSGSEND = YES;
				ENABLE_TESTABILITY = YES;
				GCC_C_LANGUAGE_STANDARD = gnu11;
				GCC_DYNAMIC_NO_PIC = NO;
				GCC_NO_COMMON_BLOCKS = YES;
				GCC_OPTIMIZATION_LEVEL = 0;
				GCC_PREPROCESSOR_DEFINITIONS = (
					"DEBUG=1",
					"$(inherited)",
				);
				GCC_WARN_64_TO_32_BIT_CONVERSION = YES;
				GCC_WARN_ABOUT_RETURN_TYPE = YES_ERROR;
				GCC_WARN_UNDECLARED_SELECTOR = YES;
				GCC_WARN_UNINITIALIZED_AUTOS = YES_AGGRESSIVE;
				GCC_WARN_UNUSED_FUNCTION = YES;
				GCC_WARN_UNUSED_VARIABLE = YES;
				IPHONEOS_DEPLOYMENT_TARGET = 11.2;
				MTL_ENABLE_DEBUG_INFO = YES;
				ONLY_ACTIVE_ARCH = YES;
				SDKROOT = iphoneos;
				SWIFT_ACTIVE_COMPILATION_CONDITIONS = DEBUG;
				SWIFT_OPTIMIZATION_LEVEL = "-Onone";
			};
			name = Debug;
		};
		C5F5EA96207221A600053A54 /* Release */ = {
			isa = XCBuildConfiguration;
			buildSettings = {
				ALWAYS_SEARCH_USER_PATHS = NO;
				CLANG_ANALYZER_NONNULL = YES;
				CLANG_ANALYZER_NUMBER_OBJECT_CONVERSION = YES_AGGRESSIVE;
				CLANG_CXX_LANGUAGE_STANDARD = "gnu++14";
				CLANG_CXX_LIBRARY = "libc++";
				CLANG_ENABLE_MODULES = YES;
				CLANG_ENABLE_OBJC_ARC = YES;
				CLANG_WARN_BLOCK_CAPTURE_AUTORELEASING = YES;
				CLANG_WARN_BOOL_CONVERSION = YES;
				CLANG_WARN_COMMA = YES;
				CLANG_WARN_CONSTANT_CONVERSION = YES;
				CLANG_WARN_DIRECT_OBJC_ISA_USAGE = YES_ERROR;
				CLANG_WARN_DOCUMENTATION_COMMENTS = YES;
				CLANG_WARN_EMPTY_BODY = YES;
				CLANG_WARN_ENUM_CONVERSION = YES;
				CLANG_WARN_INFINITE_RECURSION = YES;
				CLANG_WARN_INT_CONVERSION = YES;
				CLANG_WARN_NON_LITERAL_NULL_CONVERSION = YES;
				CLANG_WARN_OBJC_LITERAL_CONVERSION = YES;
				CLANG_WARN_OBJC_ROOT_CLASS = YES_ERROR;
				CLANG_WARN_RANGE_LOOP_ANALYSIS = YES;
				CLANG_WARN_STRICT_PROTOTYPES = YES;
				CLANG_WARN_SUSPICIOUS_MOVE = YES;
				CLANG_WARN_UNGUARDED_AVAILABILITY = YES_AGGRESSIVE;
				CLANG_WARN_UNREACHABLE_CODE = YES;
				CLANG_WARN__DUPLICATE_METHOD_MATCH = YES;
				CODE_SIGN_IDENTITY = "iPhone Developer";
				COPY_PHASE_STRIP = NO;
				DEBUG_INFORMATION_FORMAT = "dwarf-with-dsym";
				ENABLE_NS_ASSERTIONS = NO;
				ENABLE_STRICT_OBJC_MSGSEND = YES;
				GCC_C_LANGUAGE_STANDARD = gnu11;
				GCC_NO_COMMON_BLOCKS = YES;
				GCC_WARN_64_TO_32_BIT_CONVERSION = YES;
				GCC_WARN_ABOUT_RETURN_TYPE = YES_ERROR;
				GCC_WARN_UNDECLARED_SELECTOR = YES;
				GCC_WARN_UNINITIALIZED_AUTOS = YES_AGGRESSIVE;
				GCC_WARN_UNUSED_FUNCTION = YES;
				GCC_WARN_UNUSED_VARIABLE = YES;
				IPHONEOS_DEPLOYMENT_TARGET = 11.2;
				MTL_ENABLE_DEBUG_INFO = NO;
				SDKROOT = iphoneos;
				SWIFT_OPTIMIZATION_LEVEL = "-Owholemodule";
				VALIDATE_PRODUCT = YES;
			};
			name = Release;
		};
		C5F5EA98207221A600053A54 /* Debug */ = {
			isa = XCBuildConfiguration;
			buildSettings = {
				ASSETCATALOG_COMPILER_APPICON_NAME = AppIcon;
				CODE_SIGN_STYLE = Automatic;
				INFOPLIST_FILE = OnTheMap/Resources/Info.plist;
				LD_RUNPATH_SEARCH_PATHS = "$(inherited) @executable_path/Frameworks";
				PRODUCT_BUNDLE_IDENTIFIER = com.phuctv.OnTheMap;
				PRODUCT_NAME = "$(TARGET_NAME)";
				SWIFT_VERSION = 4.0;
				TARGETED_DEVICE_FAMILY = "1,2";
			};
			name = Debug;
		};
		C5F5EA99207221A600053A54 /* Release */ = {
			isa = XCBuildConfiguration;
			buildSettings = {
				ASSETCATALOG_COMPILER_APPICON_NAME = AppIcon;
				CODE_SIGN_STYLE = Automatic;
				INFOPLIST_FILE = OnTheMap/Resources/Info.plist;
				LD_RUNPATH_SEARCH_PATHS = "$(inherited) @executable_path/Frameworks";
				PRODUCT_BUNDLE_IDENTIFIER = com.phuctv.OnTheMap;
				PRODUCT_NAME = "$(TARGET_NAME)";
				SWIFT_VERSION = 4.0;
				TARGETED_DEVICE_FAMILY = "1,2";
			};
			name = Release;
		};
/* End XCBuildConfiguration section */

/* Begin XCConfigurationList section */
		C5F5EA80207221A600053A54 /* Build configuration list for PBXProject "OnTheMap" */ = {
			isa = XCConfigurationList;
			buildConfigurations = (
				C5F5EA95207221A600053A54 /* Debug */,
				C5F5EA96207221A600053A54 /* Release */,
			);
			defaultConfigurationIsVisible = 0;
			defaultConfigurationName = Release;
		};
		C5F5EA97207221A600053A54 /* Build configuration list for PBXNativeTarget "OnTheMap" */ = {
			isa = XCConfigurationList;
			buildConfigurations = (
				C5F5EA98207221A600053A54 /* Debug */,
				C5F5EA99207221A600053A54 /* Release */,
			);
			defaultConfigurationIsVisible = 0;
			defaultConfigurationName = Release;
		};
/* End XCConfigurationList section */
	};
	rootObject = C5F5EA7D207221A600053A54 /* Project object */;
}
